{
  "name": "modifymedia",
  "version": "1.0.0",
  "lockfileVersion": 3,
  "requires": true,
  "packages": {
    "": {
      "name": "modifymedia",
      "version": "1.0.0",
      "license": "ISC",
      "dependencies": {
        "t4.ts": "^0.0.24"
      }
    },
    "node_modules/t4.ts": {
      "version": "0.0.24",
      "resolved": "https://registry.npmjs.org/t4.ts/-/t4.ts-0.0.24.tgz",
      "integrity": "sha512-hSYN1JnVgLxgsSr4PLOKYX1kXKVaWU03hICrb8bZFAq0beKjopP8icjOASaPZ4cwcRtDxfiOQ8l6dd+7dO9Tew=="
    }
  }
}
