{
  "name": "structuregeneration-rewrite",
  "version": "1.0.0",
  "lockfileVersion": 3,
  "requires": true,
  "packages": {
    "": {
      "name": "structuregeneration-rewrite",
      "version": "1.0.0",
      "license": "ISC",
      "dependencies": {
        "t4.ts": "^0.0.2"
      }
    },
    "node_modules/t4.ts": {
      "version": "0.0.2",
      "resolved": "https://registry.npmjs.org/t4.ts/-/t4.ts-0.0.2.tgz",
      "integrity": "sha512-biYpFnoznLU3TzgZFZb21/2xxUjem6wBHpocKsj/4KXHfmvXQKhxbgjloZiUHwh+gT30wbS6o39Pnjrnu/BuTw=="
    }
  }
}
